
Microsoft Visual Studio Solution File, Format Version 12.00
# Visual Studio 14
VisualStudioVersion = 14.0.25420.1
MinimumVisualStudioVersion = 10.0.40219.1
Project("{FAE04EC0-301F-11D3-BF4B-00C04F79EFBC}") = "3SharpUzduotisSuDB", "3SharpUzduotisSuDB\3SharpUzduotisSuDB.csproj", "{EDF90942-4975-4EFF-BCA3-05F5C9165F05}"
EndProject
Global
	GlobalSection(SolutionConfigurationPlatforms) = preSolution
		Debug|Any CPU = Debug|Any CPU
		Release|Any CPU = Release|Any CPU
	EndGlobalSection
	GlobalSection(ProjectConfigurationPlatforms) = postSolution
		{EDF90942-4975-4EFF-BCA3-05F5C9165F05}.Debug|Any CPU.ActiveCfg = Debug|Any CPU
		{EDF90942-4975-4EFF-BCA3-05F5C9165F05}.Debug|Any CPU.Build.0 = Debug|Any CPU
		{EDF90942-4975-4EFF-BCA3-05F5C9165F05}.Release|Any CPU.ActiveCfg = Release|Any CPU
		{EDF90942-4975-4EFF-BCA3-05F5C9165F05}.Release|Any CPU.Build.0 = Release|Any CPU
	EndGlobalSection
	GlobalSection(SolutionProperties) = preSolution
		HideSolutionNode = FALSE
	EndGlobalSection
EndGlobal
